# This file was autogenerated by Stack.
# You should not edit this file by hand.
# For more information, please see the documentation at:
#   https://docs.haskellstack.org/en/stable/lock_files

packages:
- completed:
    hackage: OddWord-1.0.2.0@sha256:5d848ff5db2c0457ce37ccc8898ce2b6b880a1c6a78e5b16841328a7404ff5ee,1888
    pantry-tree:
      size: 476
      sha256: a4d203a05501dd71ee7f5af5f670f74361fdc28d88ffc4e0c39828c36d661e82
  original:
    hackage: OddWord-1.0.2.0
snapshots:
- completed:
    size: 491372
    url: https://raw.githubusercontent.com/commercialhaskell/stackage-snapshots/master/lts/15/2.yaml
    sha256: a98d091d911606d0d8adccbeb811b81bbd8cc2d888f99ef9e273350e8e9692a8
  original: lts-15.2
